// !$*UTF8*$!
{
	archiveVersion = 1;
	classes = {
	};
	objectVersion = 51;
	objects = {

/* Begin PBXBuildFile section */
		047CB49C24BA72B00005F69C /* AppDelegate.swift in Sources */ = {isa = PBXBuildFile; fileRef = 047CB49B24BA72B00005F69C /* AppDelegate.swift */; };
		047CB4A524BA72B30005F69C /* Assets.xcassets in Resources */ = {isa = PBXBuildFile; fileRef = 047CB4A424BA72B30005F69C /* Assets.xcassets */; };
		047CB4A824BA72B30005F69C /* LaunchScreen.storyboard in Resources */ = {isa = PBXBuildFile; fileRef = 047CB4A624BA72B30005F69C /* LaunchScreen.storyboard */; };
		7ECF80B7088C3C5147C6CA34 /* Pods_movieshelf.framework in Frameworks */ = {isa = PBXBuildFile; fileRef = BB3E149CE07C8F1D85281105 /* Pods_movieshelf.framework */; };
/* End PBXBuildFile section */

/* Begin PBXFileReference section */
		01DC8198270992BE87E67F71 /* Pods-movieshelf.debug.xcconfig */ = {isa = PBXFileReference; includeInIndex = 1; lastKnownFileType = text.xcconfig; name = "Pods-movieshelf.debug.xcconfig"; path = "Target Support Files/Pods-movieshelf/Pods-movieshelf.debug.xcconfig"; sourceTree = "<group>"; };
		047CB49824BA72B00005F69C /* movieshelf.app */ = {isa = PBXFileReference; explicitFileType = wrapper.application; includeInIndex = 0; path = movieshelf.app; sourceTree = BUILT_PRODUCTS_DIR; };
		047CB49B24BA72B00005F69C /* AppDelegate.swift */ = {isa = PBXFileReference; lastKnownFileType = sourcecode.swift; path = AppDelegate.swift; sourceTree = "<group>"; };
		047CB4A424BA72B30005F69C /* Assets.xcassets */ = {isa = PBXFileReference; lastKnownFileType = folder.assetcatalog; path = Assets.xcassets; sourceTree = "<group>"; };
		047CB4A724BA72B30005F69C /* Base */ = {isa = PBXFileReference; lastKnownFileType = file.storyboard; name = Base; path = Base.lproj/LaunchScreen.storyboard; sourceTree = "<group>"; };
		047CB4A924BA72B30005F69C /* Info.plist */ = {isa = PBXFileReference; lastKnownFileType = text.plist.xml; path = Info.plist; sourceTree = "<group>"; };
		68D0742F54069D4B4ED95658 /* Pods-movieshelf.release.xcconfig */ = {isa = PBXFileReference; includeInIndex = 1; lastKnownFileType = text.xcconfig; name = "Pods-movieshelf.release.xcconfig"; path = "Target Support Files/Pods-movieshelf/Pods-movieshelf.release.xcconfig"; sourceTree = "<group>"; };
		BB3E149CE07C8F1D85281105 /* Pods_movieshelf.framework */ = {isa = PBXFileReference; explicitFileType = wrapper.framework; includeInIndex = 0; path = Pods_movieshelf.framework; sourceTree = BUILT_PRODUCTS_DIR; };
/* End PBXFileReference section */

/* Begin PBXFrameworksBuildPhase section */
		047CB49524BA72B00005F69C /* Frameworks */ = {
			isa = PBXFrameworksBuildPhase;
			buildActionMask = 2147483647;
			files = (
				7ECF80B7088C3C5147C6CA34 /* Pods_movieshelf.framework in Frameworks */,
			);
			runOnlyForDeploymentPostprocessing = 0;
		};
/* End PBXFrameworksBuildPhase section */

/* Begin PBXGroup section */
		047CB48F24BA72B00005F69C = {
			isa = PBXGroup;
			children = (
				047CB49A24BA72B00005F69C /* movieshelf */,
				047CB49924BA72B00005F69C /* Products */,
				9DE2546A9E3027CCB7EB83A7 /* Pods */,
				CB9244BC7085C2490C2DBFC9 /* Frameworks */,
			);
			sourceTree = "<group>";
		};
		047CB49924BA72B00005F69C /* Products */ = {
			isa = PBXGroup;
			children = (
				047CB49824BA72B00005F69C /* movieshelf.app */,
			);
			name = Products;
			sourceTree = "<group>";
		};
		047CB49A24BA72B00005F69C /* movieshelf */ = {
			isa = PBXGroup;
			children = (
				047CB49B24BA72B00005F69C /* AppDelegate.swift */,
				047CB4AF24BA738C0005F69C /* Resources */,
			);
			path = movieshelf;
			sourceTree = "<group>";
		};
		047CB4AF24BA738C0005F69C /* Resources */ = {
			isa = PBXGroup;
			children = (
				047CB4A424BA72B30005F69C /* Assets.xcassets */,
				047CB4A624BA72B30005F69C /* LaunchScreen.storyboard */,
				047CB4A924BA72B30005F69C /* Info.plist */,
			);
			path = Resources;
			sourceTree = "<group>";
		};
		9DE2546A9E3027CCB7EB83A7 /* Pods */ = {
			isa = PBXGroup;
			children = (
				01DC8198270992BE87E67F71 /* Pods-movieshelf.debug.xcconfig */,
				68D0742F54069D4B4ED95658 /* Pods-movieshelf.release.xcconfig */,
			);
			path = Pods;
			sourceTree = "<group>";
		};
		CB9244BC7085C2490C2DBFC9 /* Frameworks */ = {
			isa = PBXGroup;
			children = (
				BB3E149CE07C8F1D85281105 /* Pods_movieshelf.framework */,
			);
			name = Frameworks;
			sourceTree = "<group>";
		};
/* End PBXGroup section */

/* Begin PBXNativeTarget section */
		047CB49724BA72B00005F69C /* movieshelf */ = {
			isa = PBXNativeTarget;
			buildConfigurationList = 047CB4AC24BA72B30005F69C /* Build configuration list for PBXNativeTarget "movieshelf" */;
			buildPhases = (
				E350680FEB08D17626EECDAE /* [CP] Check Pods Manifest.lock */,
				047CB49424BA72B00005F69C /* Sources */,
				047CB49524BA72B00005F69C /* Frameworks */,
				047CB49624BA72B00005F69C /* Resources */,
				22CD85DBAF52556D1B48BDDB /* [CP] Embed Pods Frameworks */,
				047CB4B024BA81C90005F69C /* SwiftLint */,
			);
			buildRules = (
			);
			dependencies = (
			);
			name = movieshelf;
			productName = movieshelf;
			productReference = 047CB49824BA72B00005F69C /* movieshelf.app */;
			productType = "com.apple.product-type.application";
		};
/* End PBXNativeTarget section */

/* Begin PBXProject section */
		047CB49024BA72B00005F69C /* Project object */ = {
			isa = PBXProject;
			attributes = {
				LastSwiftUpdateCheck = 1150;
				LastUpgradeCheck = 1150;
				ORGANIZATIONNAME = leandrogaluzzi;
				TargetAttributes = {
					047CB49724BA72B00005F69C = {
						CreatedOnToolsVersion = 11.5;
					};
				};
			};
			buildConfigurationList = 047CB49324BA72B00005F69C /* Build configuration list for PBXProject "movieshelf" */;
			compatibilityVersion = "Xcode 9.3";
			developmentRegion = en;
			hasScannedForEncodings = 0;
			knownRegions = (
				en,
				Base,
			);
			mainGroup = 047CB48F24BA72B00005F69C;
			productRefGroup = 047CB49924BA72B00005F69C /* Products */;
			projectDirPath = "";
			projectRoot = "";
			targets = (
				047CB49724BA72B00005F69C /* movieshelf */,
			);
		};
/* End PBXProject section */

/* Begin PBXResourcesBuildPhase section */
		047CB49624BA72B00005F69C /* Resources */ = {
			isa = PBXResourcesBuildPhase;
			buildActionMask = 2147483647;
			files = (
				047CB4A824BA72B30005F69C /* LaunchScreen.storyboard in Resources */,
				047CB4A524BA72B30005F69C /* Assets.xcassets in Resources */,
			);
			runOnlyForDeploymentPostprocessing = 0;
		};
/* End PBXResourcesBuildPhase section */

/* Begin PBXShellScriptBuildPhase section */
		047CB4B024BA81C90005F69C /* SwiftLint */ = {
			isa = PBXShellScriptBuildPhase;
			buildActionMask = 2147483647;
			files = (
			);
			inputFileListPaths = (
			);
			inputPaths = (
			);
			name = SwiftLint;
			outputFileListPaths = (
			);
			outputPaths = (
			);
			runOnlyForDeploymentPostprocessing = 0;
			shellPath = /bin/sh;
			shellScript = "if [[ \"${CONFIGURATION}\" = \"Debug\" ]]; then\n    \"${PODS_ROOT}/SwiftLint/swiftlint\" --config ./.swiftlint.yml --strict\nfi\n";
		};
		22CD85DBAF52556D1B48BDDB /* [CP] Embed Pods Frameworks */ = {
			isa = PBXShellScriptBuildPhase;
			buildActionMask = 2147483647;
			files = (
			);
			inputFileListPaths = (
				"${PODS_ROOT}/Target Support Files/Pods-movieshelf/Pods-movieshelf-frameworks-${CONFIGURATION}-input-files.xcfilelist",
			);
			name = "[CP] Embed Pods Frameworks";
			outputFileListPaths = (
				"${PODS_ROOT}/Target Support Files/Pods-movieshelf/Pods-movieshelf-frameworks-${CONFIGURATION}-output-files.xcfilelist",
			);
			runOnlyForDeploymentPostprocessing = 0;
			shellPath = /bin/sh;
			shellScript = "\"${PODS_ROOT}/Target Support Files/Pods-movieshelf/Pods-movieshelf-frameworks.sh\"\n";
			showEnvVarsInLog = 0;
		};
		E350680FEB08D17626EECDAE /* [CP] Check Pods Manifest.lock */ = {
			isa = PBXShellScriptBuildPhase;
			buildActionMask = 2147483647;
			files = (
			);
			inputFileListPaths = (
			);
			inputPaths = (
				"${PODS_PODFILE_DIR_PATH}/Podfile.lock",
				"${PODS_ROOT}/Manifest.lock",
			);
			name = "[CP] Check Pods Manifest.lock";
			outputFileListPaths = (
			);
			outputPaths = (
				"$(DERIVED_FILE_DIR)/Pods-movieshelf-checkManifestLockResult.txt",
			);
			runOnlyForDeploymentPostprocessing = 0;
			shellPath = /bin/sh;
			shellScript = "diff \"${PODS_PODFILE_DIR_PATH}/Podfile.lock\" \"${PODS_ROOT}/Manifest.lock\" > /dev/null\nif [ $? != 0 ] ; then\n    # print error to STDERR\n    echo \"error: The sandbox is not in sync with the Podfile.lock. Run 'pod install' or update your CocoaPods installation.\" >&2\n    exit 1\nfi\n# This output is used by Xcode 'outputs' to avoid re-running this script phase.\necho \"SUCCESS\" > \"${SCRIPT_OUTPUT_FILE_0}\"\n";
			showEnvVarsInLog = 0;
		};
/* End PBXShellScriptBuildPhase section */

/* Begin PBXSourcesBuildPhase section */
		047CB49424BA72B00005F69C /* Sources */ = {
			isa = PBXSourcesBuildPhase;
			buildActionMask = 2147483647;
			files = (
				047CB49C24BA72B00005F69C /* AppDelegate.swift in Sources */,
			);
			runOnlyForDeploymentPostprocessing = 0;
		};
/* End PBXSourcesBuildPhase section */

/* Begin PBXVariantGroup section */
		047CB4A624BA72B30005F69C /* LaunchScreen.storyboard */ = {
			isa = PBXVariantGroup;
			children = (
				047CB4A724BA72B30005F69C /* Base */,
			);
			name = LaunchScreen.storyboard;
			sourceTree = "<group>";
		};
/* End PBXVariantGroup section */

/* Begin XCBuildConfiguration section */
		047CB4AA24BA72B30005F69C /* Debug */ = {
			isa = XCBuildConfiguration;
			buildSettings = {
				ALWAYS_SEARCH_USER_PATHS = NO;
				CLANG_ANALYZER_NONNULL = YES;
				CLANG_ANALYZER_NUMBER_OBJECT_CONVERSION = YES_AGGRESSIVE;
				CLANG_CXX_LANGUAGE_STANDARD = "gnu++14";
				CLANG_CXX_LIBRARY = "libc++";
				CLANG_ENABLE_MODULES = YES;
				CLANG_ENABLE_OBJC_ARC = YES;
				CLANG_ENABLE_OBJC_WEAK = YES;
				CLANG_WARN_BLOCK_CAPTURE_AUTORELEASING = YES;
				CLANG_WARN_BOOL_CONVERSION = YES;
				CLANG_WARN_COMMA = YES;
				CLANG_WARN_CONSTANT_CONVERSION = YES;
				CLANG_WARN_DEPRECATED_OBJC_IMPLEMENTATIONS = YES;
				CLANG_WARN_DIRECT_OBJC_ISA_USAGE = YES_ERROR;
				CLANG_WARN_DOCUMENTATION_COMMENTS = YES;
				CLANG_WARN_EMPTY_BODY = YES;
				CLANG_WARN_ENUM_CONVERSION = YES;
				CLANG_WARN_INFINITE_RECURSION = YES;
				CLANG_WARN_INT_CONVERSION = YES;
				CLANG_WARN_NON_LITERAL_NULL_CONVERSION = YES;
				CLANG_WARN_OBJC_IMPLICIT_RETAIN_SELF = YES;
				CLANG_WARN_OBJC_LITERAL_CONVERSION = YES;
				CLANG_WARN_OBJC_ROOT_CLASS = YES_ERROR;
				CLANG_WARN_RANGE_LOOP_ANALYSIS = YES;
				CLANG_WARN_STRICT_PROTOTYPES = YES;
				CLANG_WARN_SUSPICIOUS_MOVE = YES;
				CLANG_WARN_UNGUARDED_AVAILABILITY = YES_AGGRESSIVE;
				CLANG_WARN_UNREACHABLE_CODE = YES;
				CLANG_WARN__DUPLICATE_METHOD_MATCH = YES;
				COPY_PHASE_STRIP = NO;
				DEBUG_INFORMATION_FORMAT = dwarf;
				ENABLE_STRICT_OBJC_MSGSEND = YES;
				ENABLE_TESTABILITY = YES;
				GCC_C_LANGUAGE_STANDARD = gnu11;
				GCC_DYNAMIC_NO_PIC = NO;
				GCC_NO_COMMON_BLOCKS = YES;
				GCC_OPTIMIZATION_LEVEL = 0;
				GCC_PREPROCESSOR_DEFINITIONS = (
					"DEBUG=1",
					"$(inherited)",
				);
				GCC_WARN_64_TO_32_BIT_CONVERSION = YES;
				GCC_WARN_ABOUT_RETURN_TYPE = YES_ERROR;
				GCC_WARN_UNDECLARED_SELECTOR = YES;
				GCC_WARN_UNINITIALIZED_AUTOS = YES_AGGRESSIVE;
				GCC_WARN_UNUSED_FUNCTION = YES;
				GCC_WARN_UNUSED_VARIABLE = YES;
				IPHONEOS_DEPLOYMENT_TARGET = 13.5;
				MTL_ENABLE_DEBUG_INFO = INCLUDE_SOURCE;
				MTL_FAST_MATH = YES;
				ONLY_ACTIVE_ARCH = YES;
				SDKROOT = iphoneos;
				SWIFT_ACTIVE_COMPILATION_CONDITIONS = DEBUG;
				SWIFT_OPTIMIZATION_LEVEL = "-Onone";
			};
			name = Debug;
		};
		047CB4AB24BA72B30005F69C /* Release */ = {
			isa = XCBuildConfiguration;
			buildSettings = {
				ALWAYS_SEARCH_USER_PATHS = NO;
				CLANG_ANALYZER_NONNULL = YES;
				CLANG_ANALYZER_NUMBER_OBJECT_CONVERSION = YES_AGGRESSIVE;
				CLANG_CXX_LANGUAGE_STANDARD = "gnu++14";
				CLANG_CXX_LIBRARY = "libc++";
				CLANG_ENABLE_MODULES = YES;
				CLANG_ENABLE_OBJC_ARC = YES;
				CLANG_ENABLE_OBJC_WEAK = YES;
				CLANG_WARN_BLOCK_CAPTURE_AUTORELEASING = YES;
				CLANG_WARN_BOOL_CONVERSION = YES;
				CLANG_WARN_COMMA = YES;
				CLANG_WARN_CONSTANT_CONVERSION = YES;
				CLANG_WARN_DEPRECATED_OBJC_IMPLEMENTATIONS = YES;
				CLANG_WARN_DIRECT_OBJC_ISA_USAGE = YES_ERROR;
				CLANG_WARN_DOCUMENTATION_COMMENTS = YES;
				CLANG_WARN_EMPTY_BODY = YES;
				CLANG_WARN_ENUM_CONVERSION = YES;
				CLANG_WARN_INFINITE_RECURSION = YES;
				CLANG_WARN_INT_CONVERSION = YES;
				CLANG_WARN_NON_LITERAL_NULL_CONVERSION = YES;
				CLANG_WARN_OBJC_IMPLICIT_RETAIN_SELF = YES;
				CLANG_WARN_OBJC_LITERAL_CONVERSION = YES;
				CLANG_WARN_OBJC_ROOT_CLASS = YES_ERROR;
				CLANG_WARN_RANGE_LOOP_ANALYSIS = YES;
				CLANG_WARN_STRICT_PROTOTYPES = YES;
				CLANG_WARN_SUSPICIOUS_MOVE = YES;
				CLANG_WARN_UNGUARDED_AVAILABILITY = YES_AGGRESSIVE;
				CLANG_WARN_UNREACHABLE_CODE = YES;
				CLANG_WARN__DUPLICATE_METHOD_MATCH = YES;
				COPY_PHASE_STRIP = NO;
				DEBUG_INFORMATION_FORMAT = "dwarf-with-dsym";
				ENABLE_NS_ASSERTIONS = NO;
				ENABLE_STRICT_OBJC_MSGSEND = YES;
				GCC_C_LANGUAGE_STANDARD = gnu11;
				GCC_NO_COMMON_BLOCKS = YES;
				GCC_WARN_64_TO_32_BIT_CONVERSION = YES;
				GCC_WARN_ABOUT_RETURN_TYPE = YES_ERROR;
				GCC_WARN_UNDECLARED_SELECTOR = YES;
				GCC_WARN_UNINITIALIZED_AUTOS = YES_AGGRESSIVE;
				GCC_WARN_UNUSED_FUNCTION = YES;
				GCC_WARN_UNUSED_VARIABLE = YES;
				IPHONEOS_DEPLOYMENT_TARGET = 13.5;
				MTL_ENABLE_DEBUG_INFO = NO;
				MTL_FAST_MATH = YES;
				SDKROOT = iphoneos;
				SWIFT_COMPILATION_MODE = wholemodule;
				SWIFT_OPTIMIZATION_LEVEL = "-O";
				VALIDATE_PRODUCT = YES;
			};
			name = Release;
		};
		047CB4AD24BA72B30005F69C /* Debug */ = {
			isa = XCBuildConfiguration;
			baseConfigurationReference = 01DC8198270992BE87E67F71 /* Pods-movieshelf.debug.xcconfig */;
			buildSettings = {
				ASSETCATALOG_COMPILER_APPICON_NAME = AppIcon;
				CODE_SIGN_STYLE = Automatic;
				DEVELOPMENT_TEAM = 39Z5K8K389;
				INFOPLIST_FILE = movieshelf/Resources/Info.plist;
				LD_RUNPATH_SEARCH_PATHS = (
					"$(inherited)",
					"@executable_path/Frameworks",
				);
				PRODUCT_BUNDLE_IDENTIFIER = com.lgaluzzi.movieshelf;
				PRODUCT_NAME = "$(TARGET_NAME)";
				SWIFT_VERSION = 5.0;
				TARGETED_DEVICE_FAMILY = 1;
			};
			name = Debug;
		};
		047CB4AE24BA72B30005F69C /* Release */ = {
			isa = XCBuildConfiguration;
			baseConfigurationReference = 68D0742F54069D4B4ED95658 /* Pods-movieshelf.release.xcconfig */;
			buildSettings = {
				ASSETCATALOG_COMPILER_APPICON_NAME = AppIcon;
				CODE_SIGN_STYLE = Automatic;
				DEVELOPMENT_TEAM = 39Z5K8K389;
				INFOPLIST_FILE = movieshelf/Resources/Info.plist;
				LD_RUNPATH_SEARCH_PATHS = (
					"$(inherited)",
					"@executable_path/Frameworks",
				);
				PRODUCT_BUNDLE_IDENTIFIER = com.lgaluzzi.movieshelf;
				PRODUCT_NAME = "$(TARGET_NAME)";
				SWIFT_VERSION = 5.0;
				TARGETED_DEVICE_FAMILY = 1;
			};
			name = Release;
		};
/* End XCBuildConfiguration section */

/* Begin XCConfigurationList section */
		047CB49324BA72B00005F69C /* Build configuration list for PBXProject "movieshelf" */ = {
			isa = XCConfigurationList;
			buildConfigurations = (
				047CB4AA24BA72B30005F69C /* Debug */,
				047CB4AB24BA72B30005F69C /* Release */,
			);
			defaultConfigurationIsVisible = 0;
			defaultConfigurationName = Release;
		};
		047CB4AC24BA72B30005F69C /* Build configuration list for PBXNativeTarget "movieshelf" */ = {
			isa = XCConfigurationList;
			buildConfigurations = (
				047CB4AD24BA72B30005F69C /* Debug */,
				047CB4AE24BA72B30005F69C /* Release */,
			);
			defaultConfigurationIsVisible = 0;
			defaultConfigurationName = Release;
		};
/* End XCConfigurationList section */
	};
	rootObject = 047CB49024BA72B00005F69C /* Project object */;
}
